
Microsoft Visual Studio Solution File, Format Version 12.00
# Visual Studio Version 16
VisualStudioVersion = 16.0.30611.23
MinimumVisualStudioVersion = 10.0.40219.1
Project("{9A19103F-16F7-4668-BE54-9A1E7A4F7556}") = "MyDictionary", "MyDictionary.csproj", "{FEF7795C-DEA2-4188-9ACE-FA1C6F403C54}"
EndProject
Global
	GlobalSection(SolutionConfigurationPlatforms) = preSolution
		Debug|Any CPU = Debug|Any CPU
		Release|Any CPU = Release|Any CPU
	EndGlobalSection
	GlobalSection(ProjectConfigurationPlatforms) = postSolution
		{FEF7795C-DEA2-4188-9ACE-FA1C6F403C54}.Debug|Any CPU.ActiveCfg = Debug|Any CPU
		{FEF7795C-DEA2-4188-9ACE-FA1C6F403C54}.Debug|Any CPU.Build.0 = Debug|Any CPU
		{FEF7795C-DEA2-4188-9ACE-FA1C6F403C54}.Release|Any CPU.ActiveCfg = Release|Any CPU
		{FEF7795C-DEA2-4188-9ACE-FA1C6F403C54}.Release|Any CPU.Build.0 = Release|Any CPU
	EndGlobalSection
	GlobalSection(SolutionProperties) = preSolution
		HideSolutionNode = FALSE
	EndGlobalSection
	GlobalSection(ExtensibilityGlobals) = postSolution
		SolutionGuid = {124659C9-16BE-472A-82F5-3518EB8D02D0}
	EndGlobalSection
EndGlobal
